
Microsoft Visual Studio Solution File, Format Version 12.00
# Visual Studio Version 16
VisualStudioVersion = 16.0.30523.141
MinimumVisualStudioVersion = 10.0.40219.1
Project("{FAE04EC0-301F-11D3-BF4B-00C04F79EFBC}") = "BenchmarkExamples", "BenchmarkExamples\BenchmarkExamples.csproj", "{0AAC1ACF-6BE9-4400-B1A0-664A31B0B435}"
EndProject
Global
	GlobalSection(SolutionConfigurationPlatforms) = preSolution
		Debug|Any CPU = Debug|Any CPU
		Release|Any CPU = Release|Any CPU
	EndGlobalSection
	GlobalSection(ProjectConfigurationPlatforms) = postSolution
		{0AAC1ACF-6BE9-4400-B1A0-664A31B0B435}.Debug|Any CPU.ActiveCfg = Debug|Any CPU
		{0AAC1ACF-6BE9-4400-B1A0-664A31B0B435}.Debug|Any CPU.Build.0 = Debug|Any CPU
		{0AAC1ACF-6BE9-4400-B1A0-664A31B0B435}.Release|Any CPU.ActiveCfg = Release|Any CPU
		{0AAC1ACF-6BE9-4400-B1A0-664A31B0B435}.Release|Any CPU.Build.0 = Release|Any CPU
	EndGlobalSection
	GlobalSection(SolutionProperties) = preSolution
		HideSolutionNode = FALSE
	EndGlobalSection
	GlobalSection(ExtensibilityGlobals) = postSolution
		SolutionGuid = {1E72361D-1DA5-4F35-818A-89E3508FF456}
	EndGlobalSection
EndGlobal
